
Microsoft Visual Studio Solution File, Format Version 12.00
# Visual Studio Version 17
VisualStudioVersion = 17.5.33209.295
MinimumVisualStudioVersion = 10.0.40219.1
Project("{FAE04EC0-301F-11D3-BF4B-00C04F79EFBC}") = "GenericFilters", "GenericFilters\GenericFilters.csproj", "{3D2EAFE8-FE7E-465C-BB39-26563B49F4EE}"
EndProject
Project("{FAE04EC0-301F-11D3-BF4B-00C04F79EFBC}") = "GenericFilters.Tests", "GenericFilters.Tests\GenericFilters.Tests.csproj", "{B0034325-02D0-45B4-9939-420A28681753}"
EndProject
Project("{2150E333-8FDC-42A3-9474-1A3956D46DE8}") = "Examples", "Examples", "{F533513E-0C4C-425E-B047-2C3A05C91780}"
EndProject
Project("{FAE04EC0-301F-11D3-BF4B-00C04F79EFBC}") = "Examples.Models", "Examples\Examples.Models\Examples.Models.csproj", "{D9EF7706-406C-429C-B7CC-1E0BA6C0F027}"
EndProject
Project("{FAE04EC0-301F-11D3-BF4B-00C04F79EFBC}") = "BasicDemo", "Examples\BasicDemo\BasicDemo.csproj", "{884E9E91-8AF5-4F79-8DED-ADEC0039EB06}"
EndProject
Project("{FAE04EC0-301F-11D3-BF4B-00C04F79EFBC}") = "AdvancedDemo", "Examples\AdvancedDemo\AdvancedDemo.csproj", "{04BEBF53-631C-4F3E-BA5C-7B9296230E6B}"
EndProject
Project("{FAE04EC0-301F-11D3-BF4B-00C04F79EFBC}") = "SqlBuilderBasicDemo", "Examples\SqlBuilderBasicDemo\SqlBuilderBasicDemo.csproj", "{163940C5-D442-4F8C-AF2D-73B21C8E560E}"
EndProject
Project("{FAE04EC0-301F-11D3-BF4B-00C04F79EFBC}") = "SqlBuilderAdvancedDemo", "Examples\SqlBuilderAdvancedDemo\SqlBuilderAdvancedDemo.csproj", "{E89783E9-4309-4D7D-AE73-811F20FFCAF0}"
EndProject
Global
	GlobalSection(SolutionConfigurationPlatforms) = preSolution
		Debug|Any CPU = Debug|Any CPU
		Debug|x64 = Debug|x64
		Debug|x86 = Debug|x86
		Release|Any CPU = Release|Any CPU
		Release|x64 = Release|x64
		Release|x86 = Release|x86
	EndGlobalSection
	GlobalSection(ProjectConfigurationPlatforms) = postSolution
		{3D2EAFE8-FE7E-465C-BB39-26563B49F4EE}.Debug|Any CPU.ActiveCfg = Debug|Any CPU
		{3D2EAFE8-FE7E-465C-BB39-26563B49F4EE}.Debug|Any CPU.Build.0 = Debug|Any CPU
		{3D2EAFE8-FE7E-465C-BB39-26563B49F4EE}.Debug|x64.ActiveCfg = Debug|Any CPU
		{3D2EAFE8-FE7E-465C-BB39-26563B49F4EE}.Debug|x64.Build.0 = Debug|Any CPU
		{3D2EAFE8-FE7E-465C-BB39-26563B49F4EE}.Debug|x86.ActiveCfg = Debug|Any CPU
		{3D2EAFE8-FE7E-465C-BB39-26563B49F4EE}.Debug|x86.Build.0 = Debug|Any CPU
		{3D2EAFE8-FE7E-465C-BB39-26563B49F4EE}.Release|Any CPU.ActiveCfg = Release|Any CPU
		{3D2EAFE8-FE7E-465C-BB39-26563B49F4EE}.Release|Any CPU.Build.0 = Release|Any CPU
		{3D2EAFE8-FE7E-465C-BB39-26563B49F4EE}.Release|x64.ActiveCfg = Release|Any CPU
		{3D2EAFE8-FE7E-465C-BB39-26563B49F4EE}.Release|x64.Build.0 = Release|Any CPU
		{3D2EAFE8-FE7E-465C-BB39-26563B49F4EE}.Release|x86.ActiveCfg = Release|Any CPU
		{3D2EAFE8-FE7E-465C-BB39-26563B49F4EE}.Release|x86.Build.0 = Release|Any CPU
		{B0034325-02D0-45B4-9939-420A28681753}.Debug|Any CPU.ActiveCfg = Debug|Any CPU
		{B0034325-02D0-45B4-9939-420A28681753}.Debug|Any CPU.Build.0 = Debug|Any CPU
		{B0034325-02D0-45B4-9939-420A28681753}.Debug|x64.ActiveCfg = Debug|Any CPU
		{B0034325-02D0-45B4-9939-420A28681753}.Debug|x64.Build.0 = Debug|Any CPU
		{B0034325-02D0-45B4-9939-420A28681753}.Debug|x86.ActiveCfg = Debug|Any CPU
		{B0034325-02D0-45B4-9939-420A28681753}.Debug|x86.Build.0 = Debug|Any CPU
		{B0034325-02D0-45B4-9939-420A28681753}.Release|Any CPU.ActiveCfg = Release|Any CPU
		{B0034325-02D0-45B4-9939-420A28681753}.Release|Any CPU.Build.0 = Release|Any CPU
		{B0034325-02D0-45B4-9939-420A28681753}.Release|x64.ActiveCfg = Release|Any CPU
		{B0034325-02D0-45B4-9939-420A28681753}.Release|x64.Build.0 = Release|Any CPU
		{B0034325-02D0-45B4-9939-420A28681753}.Release|x86.ActiveCfg = Release|Any CPU
		{B0034325-02D0-45B4-9939-420A28681753}.Release|x86.Build.0 = Release|Any CPU
		{D9EF7706-406C-429C-B7CC-1E0BA6C0F027}.Debug|Any CPU.ActiveCfg = Debug|Any CPU
		{D9EF7706-406C-429C-B7CC-1E0BA6C0F027}.Debug|Any CPU.Build.0 = Debug|Any CPU
		{D9EF7706-406C-429C-B7CC-1E0BA6C0F027}.Debug|x64.ActiveCfg = Debug|Any CPU
		{D9EF7706-406C-429C-B7CC-1E0BA6C0F027}.Debug|x64.Build.0 = Debug|Any CPU
		{D9EF7706-406C-429C-B7CC-1E0BA6C0F027}.Debug|x86.ActiveCfg = Debug|Any CPU
		{D9EF7706-406C-429C-B7CC-1E0BA6C0F027}.Debug|x86.Build.0 = Debug|Any CPU
		{D9EF7706-406C-429C-B7CC-1E0BA6C0F027}.Release|Any CPU.ActiveCfg = Release|Any CPU
		{D9EF7706-406C-429C-B7CC-1E0BA6C0F027}.Release|Any CPU.Build.0 = Release|Any CPU
		{D9EF7706-406C-429C-B7CC-1E0BA6C0F027}.Release|x64.ActiveCfg = Release|Any CPU
		{D9EF7706-406C-429C-B7CC-1E0BA6C0F027}.Release|x64.Build.0 = Release|Any CPU
		{D9EF7706-406C-429C-B7CC-1E0BA6C0F027}.Release|x86.ActiveCfg = Release|Any CPU
		{D9EF7706-406C-429C-B7CC-1E0BA6C0F027}.Release|x86.Build.0 = Release|Any CPU
		{884E9E91-8AF5-4F79-8DED-ADEC0039EB06}.Debug|Any CPU.ActiveCfg = Debug|Any CPU
		{884E9E91-8AF5-4F79-8DED-ADEC0039EB06}.Debug|Any CPU.Build.0 = Debug|Any CPU
		{884E9E91-8AF5-4F79-8DED-ADEC0039EB06}.Debug|x64.ActiveCfg = Debug|Any CPU
		{884E9E91-8AF5-4F79-8DED-ADEC0039EB06}.Debug|x64.Build.0 = Debug|Any CPU
		{884E9E91-8AF5-4F79-8DED-ADEC0039EB06}.Debug|x86.ActiveCfg = Debug|Any CPU
		{884E9E91-8AF5-4F79-8DED-ADEC0039EB06}.Debug|x86.Build.0 = Debug|Any CPU
		{884E9E91-8AF5-4F79-8DED-ADEC0039EB06}.Release|Any CPU.ActiveCfg = Release|Any CPU
		{884E9E91-8AF5-4F79-8DED-ADEC0039EB06}.Release|Any CPU.Build.0 = Release|Any CPU
		{884E9E91-8AF5-4F79-8DED-ADEC0039EB06}.Release|x64.ActiveCfg = Release|Any CPU
		{884E9E91-8AF5-4F79-8DED-ADEC0039EB06}.Release|x64.Build.0 = Release|Any CPU
		{884E9E91-8AF5-4F79-8DED-ADEC0039EB06}.Release|x86.ActiveCfg = Release|Any CPU
		{884E9E91-8AF5-4F79-8DED-ADEC0039EB06}.Release|x86.Build.0 = Release|Any CPU
		{04BEBF53-631C-4F3E-BA5C-7B9296230E6B}.Debug|Any CPU.ActiveCfg = Debug|Any CPU
		{04BEBF53-631C-4F3E-BA5C-7B9296230E6B}.Debug|Any CPU.Build.0 = Debug|Any CPU
		{04BEBF53-631C-4F3E-BA5C-7B9296230E6B}.Debug|x64.ActiveCfg = Debug|Any CPU
		{04BEBF53-631C-4F3E-BA5C-7B9296230E6B}.Debug|x64.Build.0 = Debug|Any CPU
		{04BEBF53-631C-4F3E-BA5C-7B9296230E6B}.Debug|x86.ActiveCfg = Debug|Any CPU
		{04BEBF53-631C-4F3E-BA5C-7B9296230E6B}.Debug|x86.Build.0 = Debug|Any CPU
		{04BEBF53-631C-4F3E-BA5C-7B9296230E6B}.Release|Any CPU.ActiveCfg = Release|Any CPU
		{04BEBF53-631C-4F3E-BA5C-7B9296230E6B}.Release|Any CPU.Build.0 = Release|Any CPU
		{04BEBF53-631C-4F3E-BA5C-7B9296230E6B}.Release|x64.ActiveCfg = Release|Any CPU
		{04BEBF53-631C-4F3E-BA5C-7B9296230E6B}.Release|x64.Build.0 = Release|Any CPU
		{04BEBF53-631C-4F3E-BA5C-7B9296230E6B}.Release|x86.ActiveCfg = Release|Any CPU
		{04BEBF53-631C-4F3E-BA5C-7B9296230E6B}.Release|x86.Build.0 = Release|Any CPU
		{163940C5-D442-4F8C-AF2D-73B21C8E560E}.Debug|Any CPU.ActiveCfg = Debug|Any CPU
		{163940C5-D442-4F8C-AF2D-73B21C8E560E}.Debug|Any CPU.Build.0 = Debug|Any CPU
		{163940C5-D442-4F8C-AF2D-73B21C8E560E}.Debug|x64.ActiveCfg = Debug|Any CPU
		{163940C5-D442-4F8C-AF2D-73B21C8E560E}.Debug|x64.Build.0 = Debug|Any CPU
		{163940C5-D442-4F8C-AF2D-73B21C8E560E}.Debug|x86.ActiveCfg = Debug|Any CPU
		{163940C5-D442-4F8C-AF2D-73B21C8E560E}.Debug|x86.Build.0 = Debug|Any CPU
		{163940C5-D442-4F8C-AF2D-73B21C8E560E}.Release|Any CPU.ActiveCfg = Release|Any CPU
		{163940C5-D442-4F8C-AF2D-73B21C8E560E}.Release|Any CPU.Build.0 = Release|Any CPU
		{163940C5-D442-4F8C-AF2D-73B21C8E560E}.Release|x64.ActiveCfg = Release|Any CPU
		{163940C5-D442-4F8C-AF2D-73B21C8E560E}.Release|x64.Build.0 = Release|Any CPU
		{163940C5-D442-4F8C-AF2D-73B21C8E560E}.Release|x86.ActiveCfg = Release|Any CPU
		{163940C5-D442-4F8C-AF2D-73B21C8E560E}.Release|x86.Build.0 = Release|Any CPU
		{E89783E9-4309-4D7D-AE73-811F20FFCAF0}.Debug|Any CPU.ActiveCfg = Debug|Any CPU
		{E89783E9-4309-4D7D-AE73-811F20FFCAF0}.Debug|Any CPU.Build.0 = Debug|Any CPU
		{E89783E9-4309-4D7D-AE73-811F20FFCAF0}.Debug|x64.ActiveCfg = Debug|Any CPU
		{E89783E9-4309-4D7D-AE73-811F20FFCAF0}.Debug|x64.Build.0 = Debug|Any CPU
		{E89783E9-4309-4D7D-AE73-811F20FFCAF0}.Debug|x86.ActiveCfg = Debug|Any CPU
		{E89783E9-4309-4D7D-AE73-811F20FFCAF0}.Debug|x86.Build.0 = Debug|Any CPU
		{E89783E9-4309-4D7D-AE73-811F20FFCAF0}.Release|Any CPU.ActiveCfg = Release|Any CPU
		{E89783E9-4309-4D7D-AE73-811F20FFCAF0}.Release|Any CPU.Build.0 = Release|Any CPU
		{E89783E9-4309-4D7D-AE73-811F20FFCAF0}.Release|x64.ActiveCfg = Release|Any CPU
		{E89783E9-4309-4D7D-AE73-811F20FFCAF0}.Release|x64.Build.0 = Release|Any CPU
		{E89783E9-4309-4D7D-AE73-811F20FFCAF0}.Release|x86.ActiveCfg = Release|Any CPU
		{E89783E9-4309-4D7D-AE73-811F20FFCAF0}.Release|x86.Build.0 = Release|Any CPU
	EndGlobalSection
	GlobalSection(SolutionProperties) = preSolution
		HideSolutionNode = FALSE
	EndGlobalSection
	GlobalSection(NestedProjects) = preSolution
		{D9EF7706-406C-429C-B7CC-1E0BA6C0F027} = {F533513E-0C4C-425E-B047-2C3A05C91780}
		{884E9E91-8AF5-4F79-8DED-ADEC0039EB06} = {F533513E-0C4C-425E-B047-2C3A05C91780}
		{04BEBF53-631C-4F3E-BA5C-7B9296230E6B} = {F533513E-0C4C-425E-B047-2C3A05C91780}
		{163940C5-D442-4F8C-AF2D-73B21C8E560E} = {F533513E-0C4C-425E-B047-2C3A05C91780}
		{E89783E9-4309-4D7D-AE73-811F20FFCAF0} = {F533513E-0C4C-425E-B047-2C3A05C91780}
	EndGlobalSection
	GlobalSection(ExtensibilityGlobals) = postSolution
		SolutionGuid = {833FDCB6-32DC-40ED-9281-A65B0D3800FF}
	EndGlobalSection
EndGlobal
