
Microsoft Visual Studio Solution File, Format Version 12.00
# Visual Studio Version 17
VisualStudioVersion = 17.5.33209.295
MinimumVisualStudioVersion = 10.0.40219.1
Project("{FAE04EC0-301F-11D3-BF4B-00C04F79EFBC}") = "GenericFilters", "GenericFilters\GenericFilters.csproj", "{3D2EAFE8-FE7E-465C-BB39-26563B49F4EE}"
EndProject
Project("{FAE04EC0-301F-11D3-BF4B-00C04F79EFBC}") = "GenericFilters.Tests", "GenericFilters.Tests\GenericFilters.Tests.csproj", "{B0034325-02D0-45B4-9939-420A28681753}"
EndProject
Global
	GlobalSection(SolutionConfigurationPlatforms) = preSolution
		Debug|Any CPU = Debug|Any CPU
		Release|Any CPU = Release|Any CPU
	EndGlobalSection
	GlobalSection(ProjectConfigurationPlatforms) = postSolution
		{3D2EAFE8-FE7E-465C-BB39-26563B49F4EE}.Debug|Any CPU.ActiveCfg = Debug|Any CPU
		{3D2EAFE8-FE7E-465C-BB39-26563B49F4EE}.Debug|Any CPU.Build.0 = Debug|Any CPU
		{3D2EAFE8-FE7E-465C-BB39-26563B49F4EE}.Release|Any CPU.ActiveCfg = Release|Any CPU
		{3D2EAFE8-FE7E-465C-BB39-26563B49F4EE}.Release|Any CPU.Build.0 = Release|Any CPU
		{B0034325-02D0-45B4-9939-420A28681753}.Debug|Any CPU.ActiveCfg = Debug|Any CPU
		{B0034325-02D0-45B4-9939-420A28681753}.Debug|Any CPU.Build.0 = Debug|Any CPU
		{B0034325-02D0-45B4-9939-420A28681753}.Release|Any CPU.ActiveCfg = Release|Any CPU
		{B0034325-02D0-45B4-9939-420A28681753}.Release|Any CPU.Build.0 = Release|Any CPU
	EndGlobalSection
	GlobalSection(SolutionProperties) = preSolution
		HideSolutionNode = FALSE
	EndGlobalSection
	GlobalSection(ExtensibilityGlobals) = postSolution
		SolutionGuid = {833FDCB6-32DC-40ED-9281-A65B0D3800FF}
	EndGlobalSection
EndGlobal
